
Microsoft Visual Studio Solution File, Format Version 12.00
# Visual Studio Version 17
VisualStudioVersion = 17.8.34525.116
MinimumVisualStudioVersion = 10.0.40219.1
Project("{FAE04EC0-301F-11D3-BF4B-00C04F79EFBC}") = "HobbySite", "HobbySite\HobbySite.csproj", "{59667E3F-72BB-4142-89A2-39FAF37D0243}"
EndProject
Global
	GlobalSection(SolutionConfigurationPlatforms) = preSolution
		Debug|Any CPU = Debug|Any CPU
		Release|Any CPU = Release|Any CPU
	EndGlobalSection
	GlobalSection(ProjectConfigurationPlatforms) = postSolution
		{59667E3F-72BB-4142-89A2-39FAF37D0243}.Debug|Any CPU.ActiveCfg = Debug|Any CPU
		{59667E3F-72BB-4142-89A2-39FAF37D0243}.Debug|Any CPU.Build.0 = Debug|Any CPU
		{59667E3F-72BB-4142-89A2-39FAF37D0243}.Release|Any CPU.ActiveCfg = Release|Any CPU
		{59667E3F-72BB-4142-89A2-39FAF37D0243}.Release|Any CPU.Build.0 = Release|Any CPU
	EndGlobalSection
	GlobalSection(SolutionProperties) = preSolution
		HideSolutionNode = FALSE
	EndGlobalSection
	GlobalSection(ExtensibilityGlobals) = postSolution
		SolutionGuid = {88D4B372-E3BA-4B08-B58A-4BE5B5AC9E82}
	EndGlobalSection
EndGlobal
